
Microsoft Visual Studio Solution File, Format Version 12.00
# Visual Studio Version 17
VisualStudioVersion = 17.14.36109.1 d17.14
MinimumVisualStudioVersion = 10.0.40219.1
Project("{FAE04EC0-301F-11D3-BF4B-00C04F79EFBC}") = "ObjectRentalWeb", "ObjectRentalWeb\ObjectRentalWeb.csproj", "{3A26A2E0-086B-477F-ADDD-689273B09145}"
EndProject
Project("{FAE04EC0-301F-11D3-BF4B-00C04F79EFBC}") = "ObjectRentalData", "ObjectRentalData\ObjectRentalData.csproj", "{76EA216C-4918-469F-96A4-F172D72FC85F}"
EndProject
Project("{FAE04EC0-301F-11D3-BF4B-00C04F79EFBC}") = "ObjectRentalServices", "ObjectRentalServices\ObjectRentalServices.csproj", "{D249D763-9D2A-49BE-890B-E7AD2574C6D3}"
EndProject
Global
	GlobalSection(SolutionConfigurationPlatforms) = preSolution
		Debug|Any CPU = Debug|Any CPU
		Release|Any CPU = Release|Any CPU
	EndGlobalSection
	GlobalSection(ProjectConfigurationPlatforms) = postSolution
		{3A26A2E0-086B-477F-ADDD-689273B09145}.Debug|Any CPU.ActiveCfg = Debug|Any CPU
		{3A26A2E0-086B-477F-ADDD-689273B09145}.Debug|Any CPU.Build.0 = Debug|Any CPU
		{3A26A2E0-086B-477F-ADDD-689273B09145}.Release|Any CPU.ActiveCfg = Release|Any CPU
		{3A26A2E0-086B-477F-ADDD-689273B09145}.Release|Any CPU.Build.0 = Release|Any CPU
		{76EA216C-4918-469F-96A4-F172D72FC85F}.Debug|Any CPU.ActiveCfg = Debug|Any CPU
		{76EA216C-4918-469F-96A4-F172D72FC85F}.Debug|Any CPU.Build.0 = Debug|Any CPU
		{76EA216C-4918-469F-96A4-F172D72FC85F}.Release|Any CPU.ActiveCfg = Release|Any CPU
		{76EA216C-4918-469F-96A4-F172D72FC85F}.Release|Any CPU.Build.0 = Release|Any CPU
		{D249D763-9D2A-49BE-890B-E7AD2574C6D3}.Debug|Any CPU.ActiveCfg = Debug|Any CPU
		{D249D763-9D2A-49BE-890B-E7AD2574C6D3}.Debug|Any CPU.Build.0 = Debug|Any CPU
		{D249D763-9D2A-49BE-890B-E7AD2574C6D3}.Release|Any CPU.ActiveCfg = Release|Any CPU
		{D249D763-9D2A-49BE-890B-E7AD2574C6D3}.Release|Any CPU.Build.0 = Release|Any CPU
	EndGlobalSection
	GlobalSection(SolutionProperties) = preSolution
		HideSolutionNode = FALSE
	EndGlobalSection
	GlobalSection(ExtensibilityGlobals) = postSolution
		SolutionGuid = {857F775C-FD03-4FDE-B00F-C8B14354856C}
	EndGlobalSection
EndGlobal
